
Microsoft Visual Studio Solution File, Format Version 12.00
# Visual Studio Version 16
VisualStudioVersion = 16.0.31019.35
MinimumVisualStudioVersion = 10.0.40219.1
Project("{9A19103F-16F7-4668-BE54-9A1E7A4F7556}") = "OOP1", "OOP1\OOP1.csproj", "{EC01F10C-8D4C-42C9-91CD-CDECE848ECF2}"
EndProject
Project("{9A19103F-16F7-4668-BE54-9A1E7A4F7556}") = "Collections", "Collections\Collections.csproj", "{6B7446F2-F428-4798-92A9-947A76816561}"
EndProject
Project("{9A19103F-16F7-4668-BE54-9A1E7A4F7556}") = "GenericsIntro", "GenericsIntro\GenericsIntro.csproj", "{ACFA6A00-963B-40DB-A465-A6CD96245F37}"
EndProject
Project("{FAE04EC0-301F-11D3-BF4B-00C04F79EFBC}") = "Interfaces", "Interfaces\Interfaces.csproj", "{711CDE6C-3596-4940-ACAF-14A6D85BB892}"
EndProject
Project("{FAE04EC0-301F-11D3-BF4B-00C04F79EFBC}") = "OOP2", "OOP2\OOP2.csproj", "{F1168892-EE15-4DB5-ADE4-D00481019B01}"
EndProject
Project("{FAE04EC0-301F-11D3-BF4B-00C04F79EFBC}") = "OOP3", "OOP3\OOP3.csproj", "{ACF4B951-2DF3-4598-BB40-B1BCE51FE083}"
EndProject
Global
	GlobalSection(SolutionConfigurationPlatforms) = preSolution
		Debug|Any CPU = Debug|Any CPU
		Release|Any CPU = Release|Any CPU
	EndGlobalSection
	GlobalSection(ProjectConfigurationPlatforms) = postSolution
		{EC01F10C-8D4C-42C9-91CD-CDECE848ECF2}.Debug|Any CPU.ActiveCfg = Debug|Any CPU
		{EC01F10C-8D4C-42C9-91CD-CDECE848ECF2}.Debug|Any CPU.Build.0 = Debug|Any CPU
		{EC01F10C-8D4C-42C9-91CD-CDECE848ECF2}.Release|Any CPU.ActiveCfg = Release|Any CPU
		{EC01F10C-8D4C-42C9-91CD-CDECE848ECF2}.Release|Any CPU.Build.0 = Release|Any CPU
		{6B7446F2-F428-4798-92A9-947A76816561}.Debug|Any CPU.ActiveCfg = Debug|Any CPU
		{6B7446F2-F428-4798-92A9-947A76816561}.Debug|Any CPU.Build.0 = Debug|Any CPU
		{6B7446F2-F428-4798-92A9-947A76816561}.Release|Any CPU.ActiveCfg = Release|Any CPU
		{6B7446F2-F428-4798-92A9-947A76816561}.Release|Any CPU.Build.0 = Release|Any CPU
		{ACFA6A00-963B-40DB-A465-A6CD96245F37}.Debug|Any CPU.ActiveCfg = Debug|Any CPU
		{ACFA6A00-963B-40DB-A465-A6CD96245F37}.Debug|Any CPU.Build.0 = Debug|Any CPU
		{ACFA6A00-963B-40DB-A465-A6CD96245F37}.Release|Any CPU.ActiveCfg = Release|Any CPU
		{ACFA6A00-963B-40DB-A465-A6CD96245F37}.Release|Any CPU.Build.0 = Release|Any CPU
		{711CDE6C-3596-4940-ACAF-14A6D85BB892}.Debug|Any CPU.ActiveCfg = Debug|Any CPU
		{711CDE6C-3596-4940-ACAF-14A6D85BB892}.Debug|Any CPU.Build.0 = Debug|Any CPU
		{711CDE6C-3596-4940-ACAF-14A6D85BB892}.Release|Any CPU.ActiveCfg = Release|Any CPU
		{711CDE6C-3596-4940-ACAF-14A6D85BB892}.Release|Any CPU.Build.0 = Release|Any CPU
		{F1168892-EE15-4DB5-ADE4-D00481019B01}.Debug|Any CPU.ActiveCfg = Debug|Any CPU
		{F1168892-EE15-4DB5-ADE4-D00481019B01}.Debug|Any CPU.Build.0 = Debug|Any CPU
		{F1168892-EE15-4DB5-ADE4-D00481019B01}.Release|Any CPU.ActiveCfg = Release|Any CPU
		{F1168892-EE15-4DB5-ADE4-D00481019B01}.Release|Any CPU.Build.0 = Release|Any CPU
		{ACF4B951-2DF3-4598-BB40-B1BCE51FE083}.Debug|Any CPU.ActiveCfg = Debug|Any CPU
		{ACF4B951-2DF3-4598-BB40-B1BCE51FE083}.Debug|Any CPU.Build.0 = Debug|Any CPU
		{ACF4B951-2DF3-4598-BB40-B1BCE51FE083}.Release|Any CPU.ActiveCfg = Release|Any CPU
		{ACF4B951-2DF3-4598-BB40-B1BCE51FE083}.Release|Any CPU.Build.0 = Release|Any CPU
	EndGlobalSection
	GlobalSection(SolutionProperties) = preSolution
		HideSolutionNode = FALSE
	EndGlobalSection
	GlobalSection(ExtensibilityGlobals) = postSolution
		SolutionGuid = {4A509504-7797-4DCA-95BE-3E75294FFEFD}
	EndGlobalSection
EndGlobal
